// !$*UTF8*$!
{
	archiveVersion = 1;
	classes = {
	};
	objectVersion = 46;
	objects = {

/* Begin PBXBuildFile section */
		0D11C00D1FFDF55100984DFD /* StartViewModel.swift in Sources */ = {isa = PBXBuildFile; fileRef = 0D11C00C1FFDF55100984DFD /* StartViewModel.swift */; };
		0D11C0111FFE0AE500984DFD /* UserInfoView.swift in Sources */ = {isa = PBXBuildFile; fileRef = 0D11C0101FFE0AE500984DFD /* UserInfoView.swift */; };
		0D8C9BC91FFC862B00436337 /* GameScenceViewController.swift in Sources */ = {isa = PBXBuildFile; fileRef = 0D8C9BC81FFC862B00436337 /* GameScenceViewController.swift */; };
		0D8C9BCD1FFCB50100436337 /* GameEngine.swift in Sources */ = {isa = PBXBuildFile; fileRef = 0D8C9BCC1FFCB50100436337 /* GameEngine.swift */; };
		0D8C9BD01FFCC98000436337 /* GameModel.swift in Sources */ = {isa = PBXBuildFile; fileRef = 0D8C9BCF1FFCC98000436337 /* GameModel.swift */; };
		0D8C9BD21FFCC9AB00436337 /* User.swift in Sources */ = {isa = PBXBuildFile; fileRef = 0D8C9BD11FFCC9AB00436337 /* User.swift */; };
		0DC79A281FFF5B3300DDB0E8 /* DigitButton.swift in Sources */ = {isa = PBXBuildFile; fileRef = 0DC79A271FFF5B3300DDB0E8 /* DigitButton.swift */; };
		0DDF2F4D20030EDB0077CDE4 /* GameJudge.swift in Sources */ = {isa = PBXBuildFile; fileRef = 0DDF2F4C20030EDB0077CDE4 /* GameJudge.swift */; };
		0DF4B4C71FE8E24700C9A122 /* AppDelegate.swift in Sources */ = {isa = PBXBuildFile; fileRef = 0DF4B4C61FE8E24700C9A122 /* AppDelegate.swift */; };
		0DF4B4CC1FE8E24700C9A122 /* Main.storyboard in Resources */ = {isa = PBXBuildFile; fileRef = 0DF4B4CA1FE8E24700C9A122 /* Main.storyboard */; };
		0DF4B4CE1FE8E24700C9A122 /* Assets.xcassets in Resources */ = {isa = PBXBuildFile; fileRef = 0DF4B4CD1FE8E24700C9A122 /* Assets.xcassets */; };
		0DF4B4D11FE8E24700C9A122 /* LaunchScreen.storyboard in Resources */ = {isa = PBXBuildFile; fileRef = 0DF4B4CF1FE8E24700C9A122 /* LaunchScreen.storyboard */; };
		0DF4B4DC1FE8E24700C9A122 /* DigitsGambleTests.swift in Sources */ = {isa = PBXBuildFile; fileRef = 0DF4B4DB1FE8E24700C9A122 /* DigitsGambleTests.swift */; };
		0DF4B4E71FE8E24700C9A122 /* DigitsGambleUITests.swift in Sources */ = {isa = PBXBuildFile; fileRef = 0DF4B4E61FE8E24700C9A122 /* DigitsGambleUITests.swift */; };
		0DF4B4F51FE8EBFB00C9A122 /* StartViewController.swift in Sources */ = {isa = PBXBuildFile; fileRef = 0DF4B4F41FE8EBFB00C9A122 /* StartViewController.swift */; };
		27EDCAC86A04BB031C06CC6D /* Pods_DigitsGambleUITests.framework in Frameworks */ = {isa = PBXBuildFile; fileRef = 968A04F2031D5866B86DD80D /* Pods_DigitsGambleUITests.framework */; };
		521833FDB74EE3707A396054 /* Pods_DigitsGambleTests.framework in Frameworks */ = {isa = PBXBuildFile; fileRef = 5FE5DB61D0AEF4447D8936D3 /* Pods_DigitsGambleTests.framework */; };
		931BE43F56B4803164DEE1DB /* Pods_DigitsGamble.framework in Frameworks */ = {isa = PBXBuildFile; fileRef = 70A2382AF655DB08A4737736 /* Pods_DigitsGamble.framework */; };
/* End PBXBuildFile section */

/* Begin PBXContainerItemProxy section */
		0DF4B4D81FE8E24700C9A122 /* PBXContainerItemProxy */ = {
			isa = PBXContainerItemProxy;
			containerPortal = 0DF4B4BB1FE8E24700C9A122 /* Project object */;
			proxyType = 1;
			remoteGlobalIDString = 0DF4B4C21FE8E24700C9A122;
			remoteInfo = DigitsGamble;
		};
		0DF4B4E31FE8E24700C9A122 /* PBXContainerItemProxy */ = {
			isa = PBXContainerItemProxy;
			containerPortal = 0DF4B4BB1FE8E24700C9A122 /* Project object */;
			proxyType = 1;
			remoteGlobalIDString = 0DF4B4C21FE8E24700C9A122;
			remoteInfo = DigitsGamble;
		};
/* End PBXContainerItemProxy section */

/* Begin PBXFileReference section */
		0D11C00C1FFDF55100984DFD /* StartViewModel.swift */ = {isa = PBXFileReference; fileEncoding = 4; lastKnownFileType = sourcecode.swift; path = StartViewModel.swift; sourceTree = "<group>"; };
		0D11C0101FFE0AE500984DFD /* UserInfoView.swift */ = {isa = PBXFileReference; fileEncoding = 4; lastKnownFileType = sourcecode.swift; path = UserInfoView.swift; sourceTree = "<group>"; };
		0D8C9BC81FFC862B00436337 /* GameScenceViewController.swift */ = {isa = PBXFileReference; fileEncoding = 4; lastKnownFileType = sourcecode.swift; path = GameScenceViewController.swift; sourceTree = "<group>"; };
		0D8C9BCC1FFCB50100436337 /* GameEngine.swift */ = {isa = PBXFileReference; fileEncoding = 4; lastKnownFileType = sourcecode.swift; path = GameEngine.swift; sourceTree = "<group>"; };
		0D8C9BCF1FFCC98000436337 /* GameModel.swift */ = {isa = PBXFileReference; fileEncoding = 4; lastKnownFileType = sourcecode.swift; path = GameModel.swift; sourceTree = "<group>"; };
		0D8C9BD11FFCC9AB00436337 /* User.swift */ = {isa = PBXFileReference; fileEncoding = 4; lastKnownFileType = sourcecode.swift; path = User.swift; sourceTree = "<group>"; };
		0DC79A271FFF5B3300DDB0E8 /* DigitButton.swift */ = {isa = PBXFileReference; fileEncoding = 4; lastKnownFileType = sourcecode.swift; path = DigitButton.swift; sourceTree = "<group>"; };
		0DDF2F4C20030EDB0077CDE4 /* GameJudge.swift */ = {isa = PBXFileReference; fileEncoding = 4; lastKnownFileType = sourcecode.swift; path = GameJudge.swift; sourceTree = "<group>"; };
		0DF4B4C31FE8E24700C9A122 /* DigitsGamble.app */ = {isa = PBXFileReference; explicitFileType = wrapper.application; includeInIndex = 0; path = DigitsGamble.app; sourceTree = BUILT_PRODUCTS_DIR; };
		0DF4B4C61FE8E24700C9A122 /* AppDelegate.swift */ = {isa = PBXFileReference; lastKnownFileType = sourcecode.swift; path = AppDelegate.swift; sourceTree = "<group>"; };
		0DF4B4CB1FE8E24700C9A122 /* Base */ = {isa = PBXFileReference; lastKnownFileType = file.storyboard; name = Base; path = Base.lproj/Main.storyboard; sourceTree = "<group>"; };
		0DF4B4CD1FE8E24700C9A122 /* Assets.xcassets */ = {isa = PBXFileReference; lastKnownFileType = folder.assetcatalog; path = Assets.xcassets; sourceTree = "<group>"; };
		0DF4B4D01FE8E24700C9A122 /* Base */ = {isa = PBXFileReference; lastKnownFileType = file.storyboard; name = Base; path = Base.lproj/LaunchScreen.storyboard; sourceTree = "<group>"; };
		0DF4B4D21FE8E24700C9A122 /* Info.plist */ = {isa = PBXFileReference; lastKnownFileType = text.plist.xml; path = Info.plist; sourceTree = "<group>"; };
		0DF4B4D71FE8E24700C9A122 /* DigitsGambleTests.xctest */ = {isa = PBXFileReference; explicitFileType = wrapper.cfbundle; includeInIndex = 0; path = DigitsGambleTests.xctest; sourceTree = BUILT_PRODUCTS_DIR; };
		0DF4B4DB1FE8E24700C9A122 /* DigitsGambleTests.swift */ = {isa = PBXFileReference; lastKnownFileType = sourcecode.swift; path = DigitsGambleTests.swift; sourceTree = "<group>"; };
		0DF4B4DD1FE8E24700C9A122 /* Info.plist */ = {isa = PBXFileReference; lastKnownFileType = text.plist.xml; path = Info.plist; sourceTree = "<group>"; };
		0DF4B4E21FE8E24700C9A122 /* DigitsGambleUITests.xctest */ = {isa = PBXFileReference; explicitFileType = wrapper.cfbundle; includeInIndex = 0; path = DigitsGambleUITests.xctest; sourceTree = BUILT_PRODUCTS_DIR; };
		0DF4B4E61FE8E24700C9A122 /* DigitsGambleUITests.swift */ = {isa = PBXFileReference; lastKnownFileType = sourcecode.swift; path = DigitsGambleUITests.swift; sourceTree = "<group>"; };
		0DF4B4E81FE8E24700C9A122 /* Info.plist */ = {isa = PBXFileReference; lastKnownFileType = text.plist.xml; path = Info.plist; sourceTree = "<group>"; };
		0DF4B4F41FE8EBFB00C9A122 /* StartViewController.swift */ = {isa = PBXFileReference; fileEncoding = 4; lastKnownFileType = sourcecode.swift; path = StartViewController.swift; sourceTree = "<group>"; };
		17CC044477230AC34D960702 /* Pods-DigitsGamble.release.xcconfig */ = {isa = PBXFileReference; includeInIndex = 1; lastKnownFileType = text.xcconfig; name = "Pods-DigitsGamble.release.xcconfig"; path = "Pods/Target Support Files/Pods-DigitsGamble/Pods-DigitsGamble.release.xcconfig"; sourceTree = "<group>"; };
		19A7F8E6584AD690F609E4E4 /* Pods-DigitsGamble.debug.xcconfig */ = {isa = PBXFileReference; includeInIndex = 1; lastKnownFileType = text.xcconfig; name = "Pods-DigitsGamble.debug.xcconfig"; path = "Pods/Target Support Files/Pods-DigitsGamble/Pods-DigitsGamble.debug.xcconfig"; sourceTree = "<group>"; };
		28955AB70582D9D98178811E /* Pods-DigitsGambleUITests.release.xcconfig */ = {isa = PBXFileReference; includeInIndex = 1; lastKnownFileType = text.xcconfig; name = "Pods-DigitsGambleUITests.release.xcconfig"; path = "Pods/Target Support Files/Pods-DigitsGambleUITests/Pods-DigitsGambleUITests.release.xcconfig"; sourceTree = "<group>"; };
		5FE5DB61D0AEF4447D8936D3 /* Pods_DigitsGambleTests.framework */ = {isa = PBXFileReference; explicitFileType = wrapper.framework; includeInIndex = 0; path = Pods_DigitsGambleTests.framework; sourceTree = BUILT_PRODUCTS_DIR; };
		70A2382AF655DB08A4737736 /* Pods_DigitsGamble.framework */ = {isa = PBXFileReference; explicitFileType = wrapper.framework; includeInIndex = 0; path = Pods_DigitsGamble.framework; sourceTree = BUILT_PRODUCTS_DIR; };
		7DEB5D8297FAF50D1CD0F3D8 /* Pods-DigitsGambleUITests.debug.xcconfig */ = {isa = PBXFileReference; includeInIndex = 1; lastKnownFileType = text.xcconfig; name = "Pods-DigitsGambleUITests.debug.xcconfig"; path = "Pods/Target Support Files/Pods-DigitsGambleUITests/Pods-DigitsGambleUITests.debug.xcconfig"; sourceTree = "<group>"; };
		968A04F2031D5866B86DD80D /* Pods_DigitsGambleUITests.framework */ = {isa = PBXFileReference; explicitFileType = wrapper.framework; includeInIndex = 0; path = Pods_DigitsGambleUITests.framework; sourceTree = BUILT_PRODUCTS_DIR; };
		BC47CDED43FFE9BF943FA5E2 /* Pods-DigitsGambleTests.release.xcconfig */ = {isa = PBXFileReference; includeInIndex = 1; lastKnownFileType = text.xcconfig; name = "Pods-DigitsGambleTests.release.xcconfig"; path = "Pods/Target Support Files/Pods-DigitsGambleTests/Pods-DigitsGambleTests.release.xcconfig"; sourceTree = "<group>"; };
		C95DD6828B3929AF0262A3C4 /* Pods-DigitsGambleTests.debug.xcconfig */ = {isa = PBXFileReference; includeInIndex = 1; lastKnownFileType = text.xcconfig; name = "Pods-DigitsGambleTests.debug.xcconfig"; path = "Pods/Target Support Files/Pods-DigitsGambleTests/Pods-DigitsGambleTests.debug.xcconfig"; sourceTree = "<group>"; };
/* End PBXFileReference section */

/* Begin PBXFrameworksBuildPhase section */
		0DF4B4C01FE8E24700C9A122 /* Frameworks */ = {
			isa = PBXFrameworksBuildPhase;
			buildActionMask = 2147483647;
			files = (
				931BE43F56B4803164DEE1DB /* Pods_DigitsGamble.framework in Frameworks */,
			);
			runOnlyForDeploymentPostprocessing = 0;
		};
		0DF4B4D41FE8E24700C9A122 /* Frameworks */ = {
			isa = PBXFrameworksBuildPhase;
			buildActionMask = 2147483647;
			files = (
				521833FDB74EE3707A396054 /* Pods_DigitsGambleTests.framework in Frameworks */,
			);
			runOnlyForDeploymentPostprocessing = 0;
		};
		0DF4B4DF1FE8E24700C9A122 /* Frameworks */ = {
			isa = PBXFrameworksBuildPhase;
			buildActionMask = 2147483647;
			files = (
				27EDCAC86A04BB031C06CC6D /* Pods_DigitsGambleUITests.framework in Frameworks */,
			);
			runOnlyForDeploymentPostprocessing = 0;
		};
/* End PBXFrameworksBuildPhase section */

/* Begin PBXGroup section */
		0D11C00E1FFDF83C00984DFD /* Models */ = {
			isa = PBXGroup;
			children = (
				0D8C9BD11FFCC9AB00436337 /* User.swift */,
			);
			name = Models;
			sourceTree = "<group>";
		};
		0D11C00F1FFE0ACE00984DFD /* Views */ = {
			isa = PBXGroup;
			children = (
				0D11C0101FFE0AE500984DFD /* UserInfoView.swift */,
				0DC79A271FFF5B3300DDB0E8 /* DigitButton.swift */,
			);
			name = Views;
			sourceTree = "<group>";
		};
		0D8C9BCA1FFCB4CF00436337 /* View Controllers */ = {
			isa = PBXGroup;
			children = (
				0DF4B4F41FE8EBFB00C9A122 /* StartViewController.swift */,
				0D8C9BC81FFC862B00436337 /* GameScenceViewController.swift */,
			);
			name = "View Controllers";
			sourceTree = "<group>";
		};
		0D8C9BCB1FFCB4DE00436337 /* Support Files */ = {
			isa = PBXGroup;
			children = (
				0DF4B4C61FE8E24700C9A122 /* AppDelegate.swift */,
				0DF4B4CA1FE8E24700C9A122 /* Main.storyboard */,
				0DF4B4CD1FE8E24700C9A122 /* Assets.xcassets */,
				0DF4B4CF1FE8E24700C9A122 /* LaunchScreen.storyboard */,
				0DF4B4D21FE8E24700C9A122 /* Info.plist */,
			);
			name = "Support Files";
			sourceTree = "<group>";
		};
		0D8C9BCE1FFCB51B00436337 /* View Models */ = {
			isa = PBXGroup;
			children = (
				0D8C9BCC1FFCB50100436337 /* GameEngine.swift */,
				0D8C9BCF1FFCC98000436337 /* GameModel.swift */,
				0D11C00C1FFDF55100984DFD /* StartViewModel.swift */,
				0DDF2F4C20030EDB0077CDE4 /* GameJudge.swift */,
			);
			name = "View Models";
			sourceTree = "<group>";
		};
		0DF4B4BA1FE8E24600C9A122 = {
			isa = PBXGroup;
			children = (
				0DF4B4C51FE8E24700C9A122 /* DigitsGamble */,
				0DF4B4DA1FE8E24700C9A122 /* DigitsGambleTests */,
				0DF4B4E51FE8E24700C9A122 /* DigitsGambleUITests */,
				0DF4B4C41FE8E24700C9A122 /* Products */,
				F6FA4A865AC09DDE56A84C3C /* Pods */,
				859CB5B148DD7C14F2A2DC1F /* Frameworks */,
			);
			sourceTree = "<group>";
		};
		0DF4B4C41FE8E24700C9A122 /* Products */ = {
			isa = PBXGroup;
			children = (
				0DF4B4C31FE8E24700C9A122 /* DigitsGamble.app */,
				0DF4B4D71FE8E24700C9A122 /* DigitsGambleTests.xctest */,
				0DF4B4E21FE8E24700C9A122 /* DigitsGambleUITests.xctest */,
			);
			name = Products;
			sourceTree = "<group>";
		};
		0DF4B4C51FE8E24700C9A122 /* DigitsGamble */ = {
			isa = PBXGroup;
			children = (
				0D11C00E1FFDF83C00984DFD /* Models */,
				0D8C9BCE1FFCB51B00436337 /* View Models */,
				0D11C00F1FFE0ACE00984DFD /* Views */,
				0D8C9BCA1FFCB4CF00436337 /* View Controllers */,
				0D8C9BCB1FFCB4DE00436337 /* Support Files */,
			);
			path = DigitsGamble;
			sourceTree = "<group>";
		};
		0DF4B4DA1FE8E24700C9A122 /* DigitsGambleTests */ = {
			isa = PBXGroup;
			children = (
				0DF4B4DB1FE8E24700C9A122 /* DigitsGambleTests.swift */,
				0DF4B4DD1FE8E24700C9A122 /* Info.plist */,
			);
			path = DigitsGambleTests;
			sourceTree = "<group>";
		};
		0DF4B4E51FE8E24700C9A122 /* DigitsGambleUITests */ = {
			isa = PBXGroup;
			children = (
				0DF4B4E61FE8E24700C9A122 /* DigitsGambleUITests.swift */,
				0DF4B4E81FE8E24700C9A122 /* Info.plist */,
			);
			path = DigitsGambleUITests;
			sourceTree = "<group>";
		};
		859CB5B148DD7C14F2A2DC1F /* Frameworks */ = {
			isa = PBXGroup;
			children = (
				70A2382AF655DB08A4737736 /* Pods_DigitsGamble.framework */,
				5FE5DB61D0AEF4447D8936D3 /* Pods_DigitsGambleTests.framework */,
				968A04F2031D5866B86DD80D /* Pods_DigitsGambleUITests.framework */,
			);
			name = Frameworks;
			sourceTree = "<group>";
		};
		F6FA4A865AC09DDE56A84C3C /* Pods */ = {
			isa = PBXGroup;
			children = (
				19A7F8E6584AD690F609E4E4 /* Pods-DigitsGamble.debug.xcconfig */,
				17CC044477230AC34D960702 /* Pods-DigitsGamble.release.xcconfig */,
				C95DD6828B3929AF0262A3C4 /* Pods-DigitsGambleTests.debug.xcconfig */,
				BC47CDED43FFE9BF943FA5E2 /* Pods-DigitsGambleTests.release.xcconfig */,
				7DEB5D8297FAF50D1CD0F3D8 /* Pods-DigitsGambleUITests.debug.xcconfig */,
				28955AB70582D9D98178811E /* Pods-DigitsGambleUITests.release.xcconfig */,
			);
			name = Pods;
			sourceTree = "<group>";
		};
/* End PBXGroup section */

/* Begin PBXNativeTarget section */
		0DF4B4C21FE8E24700C9A122 /* DigitsGamble */ = {
			isa = PBXNativeTarget;
			buildConfigurationList = 0DF4B4EB1FE8E24700C9A122 /* Build configuration list for PBXNativeTarget "DigitsGamble" */;
			buildPhases = (
				FF2C334331D05143ED5BD9F8 /* [CP] Check Pods Manifest.lock */,
				0DF4B4BF1FE8E24700C9A122 /* Sources */,
				0DF4B4C01FE8E24700C9A122 /* Frameworks */,
				0DF4B4C11FE8E24700C9A122 /* Resources */,
				099DBE2323B53B339A143EE2 /* [CP] Embed Pods Frameworks */,
				BAA0E86F2577FC29479ED5F0 /* [CP] Copy Pods Resources */,
			);
			buildRules = (
			);
			dependencies = (
			);
			name = DigitsGamble;
			productName = DigitsGamble;
			productReference = 0DF4B4C31FE8E24700C9A122 /* DigitsGamble.app */;
			productType = "com.apple.product-type.application";
		};
		0DF4B4D61FE8E24700C9A122 /* DigitsGambleTests */ = {
			isa = PBXNativeTarget;
			buildConfigurationList = 0DF4B4EE1FE8E24700C9A122 /* Build configuration list for PBXNativeTarget "DigitsGambleTests" */;
			buildPhases = (
				16409D2DE8F20EE40BBA20AB /* [CP] Check Pods Manifest.lock */,
				0DF4B4D31FE8E24700C9A122 /* Sources */,
				0DF4B4D41FE8E24700C9A122 /* Frameworks */,
				0DF4B4D51FE8E24700C9A122 /* Resources */,
				6B663273A88C375CD3408010 /* [CP] Embed Pods Frameworks */,
				8DE824FD933C28DEC3BE7B9F /* [CP] Copy Pods Resources */,
			);
			buildRules = (
			);
			dependencies = (
				0DF4B4D91FE8E24700C9A122 /* PBXTargetDependency */,
			);
			name = DigitsGambleTests;
			productName = DigitsGambleTests;
			productReference = 0DF4B4D71FE8E24700C9A122 /* DigitsGambleTests.xctest */;
			productType = "com.apple.product-type.bundle.unit-test";
		};
		0DF4B4E11FE8E24700C9A122 /* DigitsGambleUITests */ = {
			isa = PBXNativeTarget;
			buildConfigurationList = 0DF4B4F11FE8E24700C9A122 /* Build configuration list for PBXNativeTarget "DigitsGambleUITests" */;
			buildPhases = (
				064650AE2513A5115760D6A8 /* [CP] Check Pods Manifest.lock */,
				0DF4B4DE1FE8E24700C9A122 /* Sources */,
				0DF4B4DF1FE8E24700C9A122 /* Frameworks */,
				0DF4B4E01FE8E24700C9A122 /* Resources */,
				4A74688A0723DC5CFC2390FD /* [CP] Embed Pods Frameworks */,
				7301657083F715B8CEDFFC27 /* [CP] Copy Pods Resources */,
			);
			buildRules = (
			);
			dependencies = (
				0DF4B4E41FE8E24700C9A122 /* PBXTargetDependency */,
			);
			name = DigitsGambleUITests;
			productName = DigitsGambleUITests;
			productReference = 0DF4B4E21FE8E24700C9A122 /* DigitsGambleUITests.xctest */;
			productType = "com.apple.product-type.bundle.ui-testing";
		};
/* End PBXNativeTarget section */

/* Begin PBXProject section */
		0DF4B4BB1FE8E24700C9A122 /* Project object */ = {
			isa = PBXProject;
			attributes = {
				LastSwiftUpdateCheck = 0830;
				LastUpgradeCheck = 0830;
				ORGANIZATIONNAME = Mia;
				TargetAttributes = {
					0DF4B4C21FE8E24700C9A122 = {
						CreatedOnToolsVersion = 8.3.3;
						DevelopmentTeam = C46AC59JC9;
						ProvisioningStyle = Automatic;
					};
					0DF4B4D61FE8E24700C9A122 = {
						CreatedOnToolsVersion = 8.3.3;
						DevelopmentTeam = C46AC59JC9;
						ProvisioningStyle = Automatic;
						TestTargetID = 0DF4B4C21FE8E24700C9A122;
					};
					0DF4B4E11FE8E24700C9A122 = {
						CreatedOnToolsVersion = 8.3.3;
						DevelopmentTeam = C46AC59JC9;
						ProvisioningStyle = Automatic;
						TestTargetID = 0DF4B4C21FE8E24700C9A122;
					};
				};
			};
			buildConfigurationList = 0DF4B4BE1FE8E24700C9A122 /* Build configuration list for PBXProject "DigitsGamble" */;
			compatibilityVersion = "Xcode 3.2";
			developmentRegion = English;
			hasScannedForEncodings = 0;
			knownRegions = (
				en,
				Base,
			);
			mainGroup = 0DF4B4BA1FE8E24600C9A122;
			productRefGroup = 0DF4B4C41FE8E24700C9A122 /* Products */;
			projectDirPath = "";
			projectRoot = "";
			targets = (
				0DF4B4C21FE8E24700C9A122 /* DigitsGamble */,
				0DF4B4D61FE8E24700C9A122 /* DigitsGambleTests */,
				0DF4B4E11FE8E24700C9A122 /* DigitsGambleUITests */,
			);
		};
/* End PBXProject section */

/* Begin PBXResourcesBuildPhase section */
		0DF4B4C11FE8E24700C9A122 /* Resources */ = {
			isa = PBXResourcesBuildPhase;
			buildActionMask = 2147483647;
			files = (
				0DF4B4D11FE8E24700C9A122 /* LaunchScreen.storyboard in Resources */,
				0DF4B4CE1FE8E24700C9A122 /* Assets.xcassets in Resources */,
				0DF4B4CC1FE8E24700C9A122 /* Main.storyboard in Resources */,
			);
			runOnlyForDeploymentPostprocessing = 0;
		};
		0DF4B4D51FE8E24700C9A122 /* Resources */ = {
			isa = PBXResourcesBuildPhase;
			buildActionMask = 2147483647;
			files = (
			);
			runOnlyForDeploymentPostprocessing = 0;
		};
		0DF4B4E01FE8E24700C9A122 /* Resources */ = {
			isa = PBXResourcesBuildPhase;
			buildActionMask = 2147483647;
			files = (
			);
			runOnlyForDeploymentPostprocessing = 0;
		};
/* End PBXResourcesBuildPhase section */

/* Begin PBXShellScriptBuildPhase section */
		064650AE2513A5115760D6A8 /* [CP] Check Pods Manifest.lock */ = {
			isa = PBXShellScriptBuildPhase;
			buildActionMask = 2147483647;
			files = (
			);
			inputPaths = (
				"${PODS_PODFILE_DIR_PATH}/Podfile.lock",
				"${PODS_ROOT}/Manifest.lock",
			);
			name = "[CP] Check Pods Manifest.lock";
			outputPaths = (
				"$(DERIVED_FILE_DIR)/Pods-DigitsGambleUITests-checkManifestLockResult.txt",
			);
			runOnlyForDeploymentPostprocessing = 0;
			shellPath = /bin/sh;
			shellScript = "diff \"${PODS_PODFILE_DIR_PATH}/Podfile.lock\" \"${PODS_ROOT}/Manifest.lock\" > /dev/null\nif [ $? != 0 ] ; then\n    # print error to STDERR\n    echo \"error: The sandbox is not in sync with the Podfile.lock. Run 'pod install' or update your CocoaPods installation.\" >&2\n    exit 1\nfi\n# This output is used by Xcode 'outputs' to avoid re-running this script phase.\necho \"SUCCESS\" > \"${SCRIPT_OUTPUT_FILE_0}\"\n";
			showEnvVarsInLog = 0;
		};
		099DBE2323B53B339A143EE2 /* [CP] Embed Pods Frameworks */ = {
			isa = PBXShellScriptBuildPhase;
			buildActionMask = 2147483647;
			files = (
			);
			inputPaths = (
				"${SRCROOT}/Pods/Target Support Files/Pods-DigitsGamble/Pods-DigitsGamble-frameworks.sh",
				"${BUILT_PRODUCTS_DIR}/HexColors/HexColors.framework",
				"${BUILT_PRODUCTS_DIR}/PCLBlurEffectAlert/PCLBlurEffectAlert.framework",
				"${BUILT_PRODUCTS_DIR}/RxCocoa/RxCocoa.framework",
				"${BUILT_PRODUCTS_DIR}/RxSwift/RxSwift.framework",
				"${BUILT_PRODUCTS_DIR}/SnapKit/SnapKit.framework",
			);
			name = "[CP] Embed Pods Frameworks";
			outputPaths = (
				"${TARGET_BUILD_DIR}/${FRAMEWORKS_FOLDER_PATH}/HexColors.framework",
				"${TARGET_BUILD_DIR}/${FRAMEWORKS_FOLDER_PATH}/PCLBlurEffectAlert.framework",
				"${TARGET_BUILD_DIR}/${FRAMEWORKS_FOLDER_PATH}/RxCocoa.framework",
				"${TARGET_BUILD_DIR}/${FRAMEWORKS_FOLDER_PATH}/RxSwift.framework",
				"${TARGET_BUILD_DIR}/${FRAMEWORKS_FOLDER_PATH}/SnapKit.framework",
			);
			runOnlyForDeploymentPostprocessing = 0;
			shellPath = /bin/sh;
			shellScript = "\"${SRCROOT}/Pods/Target Support Files/Pods-DigitsGamble/Pods-DigitsGamble-frameworks.sh\"\n";
			showEnvVarsInLog = 0;
		};
		16409D2DE8F20EE40BBA20AB /* [CP] Check Pods Manifest.lock */ = {
			isa = PBXShellScriptBuildPhase;
			buildActionMask = 2147483647;
			files = (
			);
			inputPaths = (
				"${PODS_PODFILE_DIR_PATH}/Podfile.lock",
				"${PODS_ROOT}/Manifest.lock",
			);
			name = "[CP] Check Pods Manifest.lock";
			outputPaths = (
				"$(DERIVED_FILE_DIR)/Pods-DigitsGambleTests-checkManifestLockResult.txt",
			);
			runOnlyForDeploymentPostprocessing = 0;
			shellPath = /bin/sh;
			shellScript = "diff \"${PODS_PODFILE_DIR_PATH}/Podfile.lock\" \"${PODS_ROOT}/Manifest.lock\" > /dev/null\nif [ $? != 0 ] ; then\n    # print error to STDERR\n    echo \"error: The sandbox is not in sync with the Podfile.lock. Run 'pod install' or update your CocoaPods installation.\" >&2\n    exit 1\nfi\n# This output is used by Xcode 'outputs' to avoid re-running this script phase.\necho \"SUCCESS\" > \"${SCRIPT_OUTPUT_FILE_0}\"\n";
			showEnvVarsInLog = 0;
		};
		4A74688A0723DC5CFC2390FD /* [CP] Embed Pods Frameworks */ = {
			isa = PBXShellScriptBuildPhase;
			buildActionMask = 2147483647;
			files = (
			);
			inputPaths = (
			);
			name = "[CP] Embed Pods Frameworks";
			outputPaths = (
			);
			runOnlyForDeploymentPostprocessing = 0;
			shellPath = /bin/sh;
			shellScript = "\"${SRCROOT}/Pods/Target Support Files/Pods-DigitsGambleUITests/Pods-DigitsGambleUITests-frameworks.sh\"\n";
			showEnvVarsInLog = 0;
		};
		6B663273A88C375CD3408010 /* [CP] Embed Pods Frameworks */ = {
			isa = PBXShellScriptBuildPhase;
			buildActionMask = 2147483647;
			files = (
			);
			inputPaths = (
				"${SRCROOT}/Pods/Target Support Files/Pods-DigitsGambleTests/Pods-DigitsGambleTests-frameworks.sh",
				"${BUILT_PRODUCTS_DIR}/RxSwift/RxSwift.framework",
				"${BUILT_PRODUCTS_DIR}/RxBlocking/RxBlocking.framework",
				"${BUILT_PRODUCTS_DIR}/RxTest/RxTest.framework",
			);
			name = "[CP] Embed Pods Frameworks";
			outputPaths = (
				"${TARGET_BUILD_DIR}/${FRAMEWORKS_FOLDER_PATH}/RxSwift.framework",
				"${TARGET_BUILD_DIR}/${FRAMEWORKS_FOLDER_PATH}/RxBlocking.framework",
				"${TARGET_BUILD_DIR}/${FRAMEWORKS_FOLDER_PATH}/RxTest.framework",
			);
			runOnlyForDeploymentPostprocessing = 0;
			shellPath = /bin/sh;
			shellScript = "\"${SRCROOT}/Pods/Target Support Files/Pods-DigitsGambleTests/Pods-DigitsGambleTests-frameworks.sh\"\n";
			showEnvVarsInLog = 0;
		};
		7301657083F715B8CEDFFC27 /* [CP] Copy Pods Resources */ = {
			isa = PBXShellScriptBuildPhase;
			buildActionMask = 2147483647;
			files = (
			);
			inputPaths = (
			);
			name = "[CP] Copy Pods Resources";
			outputPaths = (
			);
			runOnlyForDeploymentPostprocessing = 0;
			shellPath = /bin/sh;
			shellScript = "\"${SRCROOT}/Pods/Target Support Files/Pods-DigitsGambleUITests/Pods-DigitsGambleUITests-resources.sh\"\n";
			showEnvVarsInLog = 0;
		};
		8DE824FD933C28DEC3BE7B9F /* [CP] Copy Pods Resources */ = {
			isa = PBXShellScriptBuildPhase;
			buildActionMask = 2147483647;
			files = (
			);
			inputPaths = (
			);
			name = "[CP] Copy Pods Resources";
			outputPaths = (
			);
			runOnlyForDeploymentPostprocessing = 0;
			shellPath = /bin/sh;
			shellScript = "\"${SRCROOT}/Pods/Target Support Files/Pods-DigitsGambleTests/Pods-DigitsGambleTests-resources.sh\"\n";
			showEnvVarsInLog = 0;
		};
		BAA0E86F2577FC29479ED5F0 /* [CP] Copy Pods Resources */ = {
			isa = PBXShellScriptBuildPhase;
			buildActionMask = 2147483647;
			files = (
			);
			inputPaths = (
			);
			name = "[CP] Copy Pods Resources";
			outputPaths = (
			);
			runOnlyForDeploymentPostprocessing = 0;
			shellPath = /bin/sh;
			shellScript = "\"${SRCROOT}/Pods/Target Support Files/Pods-DigitsGamble/Pods-DigitsGamble-resources.sh\"\n";
			showEnvVarsInLog = 0;
		};
		FF2C334331D05143ED5BD9F8 /* [CP] Check Pods Manifest.lock */ = {
			isa = PBXShellScriptBuildPhase;
			buildActionMask = 2147483647;
			files = (
			);
			inputPaths = (
				"${PODS_PODFILE_DIR_PATH}/Podfile.lock",
				"${PODS_ROOT}/Manifest.lock",
			);
			name = "[CP] Check Pods Manifest.lock";
			outputPaths = (
				"$(DERIVED_FILE_DIR)/Pods-DigitsGamble-checkManifestLockResult.txt",
			);
			runOnlyForDeploymentPostprocessing = 0;
			shellPath = /bin/sh;
			shellScript = "diff \"${PODS_PODFILE_DIR_PATH}/Podfile.lock\" \"${PODS_ROOT}/Manifest.lock\" > /dev/null\nif [ $? != 0 ] ; then\n    # print error to STDERR\n    echo \"error: The sandbox is not in sync with the Podfile.lock. Run 'pod install' or update your CocoaPods installation.\" >&2\n    exit 1\nfi\n# This output is used by Xcode 'outputs' to avoid re-running this script phase.\necho \"SUCCESS\" > \"${SCRIPT_OUTPUT_FILE_0}\"\n";
			showEnvVarsInLog = 0;
		};
/* End PBXShellScriptBuildPhase section */

/* Begin PBXSourcesBuildPhase section */
		0DF4B4BF1FE8E24700C9A122 /* Sources */ = {
			isa = PBXSourcesBuildPhase;
			buildActionMask = 2147483647;
			files = (
				0D11C00D1FFDF55100984DFD /* StartViewModel.swift in Sources */,
				0D8C9BD01FFCC98000436337 /* GameModel.swift in Sources */,
				0DF4B4C71FE8E24700C9A122 /* AppDelegate.swift in Sources */,
				0DDF2F4D20030EDB0077CDE4 /* GameJudge.swift in Sources */,
				0D11C0111FFE0AE500984DFD /* UserInfoView.swift in Sources */,
				0D8C9BD21FFCC9AB00436337 /* User.swift in Sources */,
				0DC79A281FFF5B3300DDB0E8 /* DigitButton.swift in Sources */,
				0D8C9BC91FFC862B00436337 /* GameScenceViewController.swift in Sources */,
				0DF4B4F51FE8EBFB00C9A122 /* StartViewController.swift in Sources */,
				0D8C9BCD1FFCB50100436337 /* GameEngine.swift in Sources */,
			);
			runOnlyForDeploymentPostprocessing = 0;
		};
		0DF4B4D31FE8E24700C9A122 /* Sources */ = {
			isa = PBXSourcesBuildPhase;
			buildActionMask = 2147483647;
			files = (
				0DF4B4DC1FE8E24700C9A122 /* DigitsGambleTests.swift in Sources */,
			);
			runOnlyForDeploymentPostprocessing = 0;
		};
		0DF4B4DE1FE8E24700C9A122 /* Sources */ = {
			isa = PBXSourcesBuildPhase;
			buildActionMask = 2147483647;
			files = (
				0DF4B4E71FE8E24700C9A122 /* DigitsGambleUITests.swift in Sources */,
			);
			runOnlyForDeploymentPostprocessing = 0;
		};
/* End PBXSourcesBuildPhase section */

/* Begin PBXTargetDependency section */
		0DF4B4D91FE8E24700C9A122 /* PBXTargetDependency */ = {
			isa = PBXTargetDependency;
			target = 0DF4B4C21FE8E24700C9A122 /* DigitsGamble */;
			targetProxy = 0DF4B4D81FE8E24700C9A122 /* PBXContainerItemProxy */;
		};
		0DF4B4E41FE8E24700C9A122 /* PBXTargetDependency */ = {
			isa = PBXTargetDependency;
			target = 0DF4B4C21FE8E24700C9A122 /* DigitsGamble */;
			targetProxy = 0DF4B4E31FE8E24700C9A122 /* PBXContainerItemProxy */;
		};
/* End PBXTargetDependency section */

/* Begin PBXVariantGroup section */
		0DF4B4CA1FE8E24700C9A122 /* Main.storyboard */ = {
			isa = PBXVariantGroup;
			children = (
				0DF4B4CB1FE8E24700C9A122 /* Base */,
			);
			name = Main.storyboard;
			sourceTree = "<group>";
		};
		0DF4B4CF1FE8E24700C9A122 /* LaunchScreen.storyboard */ = {
			isa = PBXVariantGroup;
			children = (
				0DF4B4D01FE8E24700C9A122 /* Base */,
			);
			name = LaunchScreen.storyboard;
			sourceTree = "<group>";
		};
/* End PBXVariantGroup section */

/* Begin XCBuildConfiguration section */
		0DF4B4E91FE8E24700C9A122 /* Debug */ = {
			isa = XCBuildConfiguration;
			buildSettings = {
				ALWAYS_SEARCH_USER_PATHS = NO;
				CLANG_ANALYZER_NONNULL = YES;
				CLANG_ANALYZER_NUMBER_OBJECT_CONVERSION = YES_AGGRESSIVE;
				CLANG_CXX_LANGUAGE_STANDARD = "gnu++0x";
				CLANG_CXX_LIBRARY = "libc++";
				CLANG_ENABLE_MODULES = YES;
				CLANG_ENABLE_OBJC_ARC = YES;
				CLANG_WARN_BOOL_CONVERSION = YES;
				CLANG_WARN_CONSTANT_CONVERSION = YES;
				CLANG_WARN_DIRECT_OBJC_ISA_USAGE = YES_ERROR;
				CLANG_WARN_DOCUMENTATION_COMMENTS = YES;
				CLANG_WARN_EMPTY_BODY = YES;
				CLANG_WARN_ENUM_CONVERSION = YES;
				CLANG_WARN_INFINITE_RECURSION = YES;
				CLANG_WARN_INT_CONVERSION = YES;
				CLANG_WARN_OBJC_ROOT_CLASS = YES_ERROR;
				CLANG_WARN_SUSPICIOUS_MOVE = YES;
				CLANG_WARN_UNREACHABLE_CODE = YES;
				CLANG_WARN__DUPLICATE_METHOD_MATCH = YES;
				"CODE_SIGN_IDENTITY[sdk=iphoneos*]" = "iPhone Developer";
				COPY_PHASE_STRIP = NO;
				DEBUG_INFORMATION_FORMAT = dwarf;
				ENABLE_STRICT_OBJC_MSGSEND = YES;
				ENABLE_TESTABILITY = YES;
				GCC_C_LANGUAGE_STANDARD = gnu99;
				GCC_DYNAMIC_NO_PIC = NO;
				GCC_NO_COMMON_BLOCKS = YES;
				GCC_OPTIMIZATION_LEVEL = 0;
				GCC_PREPROCESSOR_DEFINITIONS = (
					"DEBUG=1",
					"$(inherited)",
				);
				GCC_WARN_64_TO_32_BIT_CONVERSION = YES;
				GCC_WARN_ABOUT_RETURN_TYPE = YES_ERROR;
				GCC_WARN_UNDECLARED_SELECTOR = YES;
				GCC_WARN_UNINITIALIZED_AUTOS = YES_AGGRESSIVE;
				GCC_WARN_UNUSED_FUNCTION = YES;
				GCC_WARN_UNUSED_VARIABLE = YES;
				IPHONEOS_DEPLOYMENT_TARGET = 10.3;
				MTL_ENABLE_DEBUG_INFO = YES;
				ONLY_ACTIVE_ARCH = YES;
				SDKROOT = iphoneos;
				SWIFT_ACTIVE_COMPILATION_CONDITIONS = DEBUG;
				SWIFT_OPTIMIZATION_LEVEL = "-Onone";
				TARGETED_DEVICE_FAMILY = "1,2";
			};
			name = Debug;
		};
		0DF4B4EA1FE8E24700C9A122 /* Release */ = {
			isa = XCBuildConfiguration;
			buildSettings = {
				ALWAYS_SEARCH_USER_PATHS = NO;
				CLANG_ANALYZER_NONNULL = YES;
				CLANG_ANALYZER_NUMBER_OBJECT_CONVERSION = YES_AGGRESSIVE;
				CLANG_CXX_LANGUAGE_STANDARD = "gnu++0x";
				CLANG_CXX_LIBRARY = "libc++";
				CLANG_ENABLE_MODULES = YES;
				CLANG_ENABLE_OBJC_ARC = YES;
				CLANG_WARN_BOOL_CONVERSION = YES;
				CLANG_WARN_CONSTANT_CONVERSION = YES;
				CLANG_WARN_DIRECT_OBJC_ISA_USAGE = YES_ERROR;
				CLANG_WARN_DOCUMENTATION_COMMENTS = YES;
				CLANG_WARN_EMPTY_BODY = YES;
				CLANG_WARN_ENUM_CONVERSION = YES;
				CLANG_WARN_INFINITE_RECURSION = YES;
				CLANG_WARN_INT_CONVERSION = YES;
				CLANG_WARN_OBJC_ROOT_CLASS = YES_ERROR;
				CLANG_WARN_SUSPICIOUS_MOVE = YES;
				CLANG_WARN_UNREACHABLE_CODE = YES;
				CLANG_WARN__DUPLICATE_METHOD_MATCH = YES;
				"CODE_SIGN_IDENTITY[sdk=iphoneos*]" = "iPhone Developer";
				COPY_PHASE_STRIP = NO;
				DEBUG_INFORMATION_FORMAT = "dwarf-with-dsym";
				ENABLE_NS_ASSERTIONS = NO;
				ENABLE_STRICT_OBJC_MSGSEND = YES;
				GCC_C_LANGUAGE_STANDARD = gnu99;
				GCC_NO_COMMON_BLOCKS = YES;
				GCC_WARN_64_TO_32_BIT_CONVERSION = YES;
				GCC_WARN_ABOUT_RETURN_TYPE = YES_ERROR;
				GCC_WARN_UNDECLARED_SELECTOR = YES;
				GCC_WARN_UNINITIALIZED_AUTOS = YES_AGGRESSIVE;
				GCC_WARN_UNUSED_FUNCTION = YES;
				GCC_WARN_UNUSED_VARIABLE = YES;
				IPHONEOS_DEPLOYMENT_TARGET = 10.3;
				MTL_ENABLE_DEBUG_INFO = NO;
				SDKROOT = iphoneos;
				SWIFT_OPTIMIZATION_LEVEL = "-Owholemodule";
				TARGETED_DEVICE_FAMILY = "1,2";
				VALIDATE_PRODUCT = YES;
			};
			name = Release;
		};
		0DF4B4EC1FE8E24700C9A122 /* Debug */ = {
			isa = XCBuildConfiguration;
			baseConfigurationReference = 19A7F8E6584AD690F609E4E4 /* Pods-DigitsGamble.debug.xcconfig */;
			buildSettings = {
				ASSETCATALOG_COMPILER_APPICON_NAME = AppIcon;
				DEVELOPMENT_TEAM = C46AC59JC9;
				INFOPLIST_FILE = DigitsGamble/Info.plist;
				IPHONEOS_DEPLOYMENT_TARGET = 9.0;
				LD_RUNPATH_SEARCH_PATHS = "$(inherited) @executable_path/Frameworks";
				PRODUCT_BUNDLE_IDENTIFIER = com.mia.DigitsGamble;
				PRODUCT_NAME = "$(TARGET_NAME)";
				SWIFT_VERSION = 3.0;
			};
			name = Debug;
		};
		0DF4B4ED1FE8E24700C9A122 /* Release */ = {
			isa = XCBuildConfiguration;
			baseConfigurationReference = 17CC044477230AC34D960702 /* Pods-DigitsGamble.release.xcconfig */;
			buildSettings = {
				ASSETCATALOG_COMPILER_APPICON_NAME = AppIcon;
				DEVELOPMENT_TEAM = C46AC59JC9;
				INFOPLIST_FILE = DigitsGamble/Info.plist;
				IPHONEOS_DEPLOYMENT_TARGET = 9.0;
				LD_RUNPATH_SEARCH_PATHS = "$(inherited) @executable_path/Frameworks";
				PRODUCT_BUNDLE_IDENTIFIER = com.mia.DigitsGamble;
				PRODUCT_NAME = "$(TARGET_NAME)";
				SWIFT_VERSION = 3.0;
			};
			name = Release;
		};
		0DF4B4EF1FE8E24700C9A122 /* Debug */ = {
			isa = XCBuildConfiguration;
			baseConfigurationReference = C95DD6828B3929AF0262A3C4 /* Pods-DigitsGambleTests.debug.xcconfig */;
			buildSettings = {
				ALWAYS_EMBED_SWIFT_STANDARD_LIBRARIES = YES;
				BUNDLE_LOADER = "$(TEST_HOST)";
				DEVELOPMENT_TEAM = C46AC59JC9;
				INFOPLIST_FILE = DigitsGambleTests/Info.plist;
				LD_RUNPATH_SEARCH_PATHS = "$(inherited) @executable_path/Frameworks @loader_path/Frameworks";
				PRODUCT_BUNDLE_IDENTIFIER = com.mia.DigitsGambleTests;
				PRODUCT_NAME = "$(TARGET_NAME)";
				SWIFT_VERSION = 3.0;
				TEST_HOST = "$(BUILT_PRODUCTS_DIR)/DigitsGamble.app/DigitsGamble";
			};
			name = Debug;
		};
		0DF4B4F01FE8E24700C9A122 /* Release */ = {
			isa = XCBuildConfiguration;
			baseConfigurationReference = BC47CDED43FFE9BF943FA5E2 /* Pods-DigitsGambleTests.release.xcconfig */;
			buildSettings = {
				ALWAYS_EMBED_SWIFT_STANDARD_LIBRARIES = YES;
				BUNDLE_LOADER = "$(TEST_HOST)";
				DEVELOPMENT_TEAM = C46AC59JC9;
				INFOPLIST_FILE = DigitsGambleTests/Info.plist;
				LD_RUNPATH_SEARCH_PATHS = "$(inherited) @executable_path/Frameworks @loader_path/Frameworks";
				PRODUCT_BUNDLE_IDENTIFIER = com.mia.DigitsGambleTests;
				PRODUCT_NAME = "$(TARGET_NAME)";
				SWIFT_VERSION = 3.0;
				TEST_HOST = "$(BUILT_PRODUCTS_DIR)/DigitsGamble.app/DigitsGamble";
			};
			name = Release;
		};
		0DF4B4F21FE8E24700C9A122 /* Debug */ = {
			isa = XCBuildConfiguration;
			baseConfigurationReference = 7DEB5D8297FAF50D1CD0F3D8 /* Pods-DigitsGambleUITests.debug.xcconfig */;
			buildSettings = {
				ALWAYS_EMBED_SWIFT_STANDARD_LIBRARIES = YES;
				DEVELOPMENT_TEAM = C46AC59JC9;
				INFOPLIST_FILE = DigitsGambleUITests/Info.plist;
				LD_RUNPATH_SEARCH_PATHS = "$(inherited) @executable_path/Frameworks @loader_path/Frameworks";
				PRODUCT_BUNDLE_IDENTIFIER = com.mia.DigitsGambleUITests;
				PRODUCT_NAME = "$(TARGET_NAME)";
				SWIFT_VERSION = 3.0;
				TEST_TARGET_NAME = DigitsGamble;
			};
			name = Debug;
		};
		0DF4B4F31FE8E24700C9A122 /* Release */ = {
			isa = XCBuildConfiguration;
			baseConfigurationReference = 28955AB70582D9D98178811E /* Pods-DigitsGambleUITests.release.xcconfig */;
			buildSettings = {
				ALWAYS_EMBED_SWIFT_STANDARD_LIBRARIES = YES;
				DEVELOPMENT_TEAM = C46AC59JC9;
				INFOPLIST_FILE = DigitsGambleUITests/Info.plist;
				LD_RUNPATH_SEARCH_PATHS = "$(inherited) @executable_path/Frameworks @loader_path/Frameworks";
				PRODUCT_BUNDLE_IDENTIFIER = com.mia.DigitsGambleUITests;
				PRODUCT_NAME = "$(TARGET_NAME)";
				SWIFT_VERSION = 3.0;
				TEST_TARGET_NAME = DigitsGamble;
			};
			name = Release;
		};
/* End XCBuildConfiguration section */

/* Begin XCConfigurationList section */
		0DF4B4BE1FE8E24700C9A122 /* Build configuration list for PBXProject "DigitsGamble" */ = {
			isa = XCConfigurationList;
			buildConfigurations = (
				0DF4B4E91FE8E24700C9A122 /* Debug */,
				0DF4B4EA1FE8E24700C9A122 /* Release */,
			);
			defaultConfigurationIsVisible = 0;
			defaultConfigurationName = Release;
		};
		0DF4B4EB1FE8E24700C9A122 /* Build configuration list for PBXNativeTarget "DigitsGamble" */ = {
			isa = XCConfigurationList;
			buildConfigurations = (
				0DF4B4EC1FE8E24700C9A122 /* Debug */,
				0DF4B4ED1FE8E24700C9A122 /* Release */,
			);
			defaultConfigurationIsVisible = 0;
			defaultConfigurationName = Release;
		};
		0DF4B4EE1FE8E24700C9A122 /* Build configuration list for PBXNativeTarget "DigitsGambleTests" */ = {
			isa = XCConfigurationList;
			buildConfigurations = (
				0DF4B4EF1FE8E24700C9A122 /* Debug */,
				0DF4B4F01FE8E24700C9A122 /* Release */,
			);
			defaultConfigurationIsVisible = 0;
			defaultConfigurationName = Release;
		};
		0DF4B4F11FE8E24700C9A122 /* Build configuration list for PBXNativeTarget "DigitsGambleUITests" */ = {
			isa = XCConfigurationList;
			buildConfigurations = (
				0DF4B4F21FE8E24700C9A122 /* Debug */,
				0DF4B4F31FE8E24700C9A122 /* Release */,
			);
			defaultConfigurationIsVisible = 0;
			defaultConfigurationName = Release;
		};
/* End XCConfigurationList section */
	};
	rootObject = 0DF4B4BB1FE8E24700C9A122 /* Project object */;
}
